
Microsoft Visual Studio Solution File, Format Version 12.00
# Visual Studio Version 17
VisualStudioVersion = 17.0.31903.59
MinimumVisualStudioVersion = 10.0.40219.1
Project("{FAE04EC0-301F-11D3-BF4B-00C04F79EFBC}") = "Core", "..\Core\Core.csproj", "{CBC80804-7EDC-442B-92D3-C07FE7DC6429}"
EndProject
Project("{FAE04EC0-301F-11D3-BF4B-00C04F79EFBC}") = "Infrastructure", "..\Infrastructure\Infrastructure.csproj", "{FF460861-9000-498E-BFCA-1BD05F700CCF}"
EndProject
Global
	GlobalSection(SolutionConfigurationPlatforms) = preSolution
		Debug|Any CPU = Debug|Any CPU
		Release|Any CPU = Release|Any CPU
	EndGlobalSection
	GlobalSection(SolutionProperties) = preSolution
		HideSolutionNode = FALSE
	EndGlobalSection
	GlobalSection(ProjectConfigurationPlatforms) = postSolution
		{5E1A10FD-F3FA-46A2-B520-0CA9CE6E3954}.Debug|Any CPU.ActiveCfg = Debug|Any CPU
		{5E1A10FD-F3FA-46A2-B520-0CA9CE6E3954}.Debug|Any CPU.Build.0 = Debug|Any CPU
		{5E1A10FD-F3FA-46A2-B520-0CA9CE6E3954}.Release|Any CPU.ActiveCfg = Release|Any CPU
		{5E1A10FD-F3FA-46A2-B520-0CA9CE6E3954}.Release|Any CPU.Build.0 = Release|Any CPU
		{1EE6E20F-3685-457F-B98C-7C375AFAC9A2}.Debug|Any CPU.ActiveCfg = Debug|Any CPU
		{1EE6E20F-3685-457F-B98C-7C375AFAC9A2}.Debug|Any CPU.Build.0 = Debug|Any CPU
		{1EE6E20F-3685-457F-B98C-7C375AFAC9A2}.Release|Any CPU.ActiveCfg = Release|Any CPU
		{1EE6E20F-3685-457F-B98C-7C375AFAC9A2}.Release|Any CPU.Build.0 = Release|Any CPU
		{CBC80804-7EDC-442B-92D3-C07FE7DC6429}.Debug|Any CPU.ActiveCfg = Debug|Any CPU
		{CBC80804-7EDC-442B-92D3-C07FE7DC6429}.Debug|Any CPU.Build.0 = Debug|Any CPU
		{CBC80804-7EDC-442B-92D3-C07FE7DC6429}.Release|Any CPU.ActiveCfg = Release|Any CPU
		{CBC80804-7EDC-442B-92D3-C07FE7DC6429}.Release|Any CPU.Build.0 = Release|Any CPU
		{FF460861-9000-498E-BFCA-1BD05F700CCF}.Debug|Any CPU.ActiveCfg = Debug|Any CPU
		{FF460861-9000-498E-BFCA-1BD05F700CCF}.Debug|Any CPU.Build.0 = Debug|Any CPU
		{FF460861-9000-498E-BFCA-1BD05F700CCF}.Release|Any CPU.ActiveCfg = Release|Any CPU
		{FF460861-9000-498E-BFCA-1BD05F700CCF}.Release|Any CPU.Build.0 = Release|Any CPU
	EndGlobalSection
EndGlobal
